// !$*UTF8*$!
{
	archiveVersion = 1;
	classes = {
	};
	objectVersion = 46;
	objects = {

/* Begin PBXBuildFile section */
		355326821F4B8CFB00F5EEE6 /* Token.swift in Sources */ = {isa = PBXBuildFile; fileRef = 355326811F4B8CFB00F5EEE6 /* Token.swift */; };
		355326841F4C68B400F5EEE6 /* Membership.swift in Sources */ = {isa = PBXBuildFile; fileRef = 355326831F4C68B400F5EEE6 /* Membership.swift */; };
		355326881F4C8A4400F5EEE6 /* bb-config.plist in Resources */ = {isa = PBXBuildFile; fileRef = 355326871F4C8A4300F5EEE6 /* bb-config.plist */; };
		3553268A1F4C905800F5EEE6 /* ResultTableViewController.swift in Sources */ = {isa = PBXBuildFile; fileRef = 355326891F4C905800F5EEE6 /* ResultTableViewController.swift */; };
		356134FB1F4CC2D40090DC5B /* README.md in Resources */ = {isa = PBXBuildFile; fileRef = 356134FA1F4CC2D40090DC5B /* README.md */; };
		35B78C101F479925002FED6A /* AppDelegate.swift in Sources */ = {isa = PBXBuildFile; fileRef = 35B78C0F1F479925002FED6A /* AppDelegate.swift */; };
		35B78C121F479925002FED6A /* ViewController.swift in Sources */ = {isa = PBXBuildFile; fileRef = 35B78C111F479925002FED6A /* ViewController.swift */; };
		35B78C151F479925002FED6A /* Main.storyboard in Resources */ = {isa = PBXBuildFile; fileRef = 35B78C131F479925002FED6A /* Main.storyboard */; };
		35B78C171F479925002FED6A /* Assets.xcassets in Resources */ = {isa = PBXBuildFile; fileRef = 35B78C161F479925002FED6A /* Assets.xcassets */; };
		35B78C1A1F479925002FED6A /* LaunchScreen.storyboard in Resources */ = {isa = PBXBuildFile; fileRef = 35B78C181F479925002FED6A /* LaunchScreen.storyboard */; };
		35B78C4B1F4B2517002FED6A /* Blackboard3LOManager.swift in Sources */ = {isa = PBXBuildFile; fileRef = 35B78C4A1F4B2517002FED6A /* Blackboard3LOManager.swift */; };
		F2FEF8B0D4FD5B8B75F44DE8 /* Pods_Blackboard_3LO.framework in Frameworks */ = {isa = PBXBuildFile; fileRef = 59479BBF91D1D2B2879AD2A2 /* Pods_Blackboard_3LO.framework */; };
/* End PBXBuildFile section */

/* Begin PBXFileReference section */
		239A7573FE6DABDD6EF981C7 /* Pods-Blackboard 3LO.release.xcconfig */ = {isa = PBXFileReference; includeInIndex = 1; lastKnownFileType = text.xcconfig; name = "Pods-Blackboard 3LO.release.xcconfig"; path = "Pods/Target Support Files/Pods-Blackboard 3LO/Pods-Blackboard 3LO.release.xcconfig"; sourceTree = "<group>"; };
		355326811F4B8CFB00F5EEE6 /* Token.swift */ = {isa = PBXFileReference; fileEncoding = 4; lastKnownFileType = sourcecode.swift; path = Token.swift; sourceTree = "<group>"; };
		355326831F4C68B400F5EEE6 /* Membership.swift */ = {isa = PBXFileReference; fileEncoding = 4; lastKnownFileType = sourcecode.swift; path = Membership.swift; sourceTree = "<group>"; };
		355326871F4C8A4300F5EEE6 /* bb-config.plist */ = {isa = PBXFileReference; fileEncoding = 4; lastKnownFileType = text.plist.xml; path = "bb-config.plist"; sourceTree = "<group>"; };
		355326891F4C905800F5EEE6 /* ResultTableViewController.swift */ = {isa = PBXFileReference; fileEncoding = 4; lastKnownFileType = sourcecode.swift; path = ResultTableViewController.swift; sourceTree = "<group>"; };
		356134FA1F4CC2D40090DC5B /* README.md */ = {isa = PBXFileReference; fileEncoding = 4; lastKnownFileType = net.daringfireball.markdown; path = README.md; sourceTree = "<group>"; };
		35B78C0C1F479925002FED6A /* Blackboard 3LO.app */ = {isa = PBXFileReference; explicitFileType = wrapper.application; includeInIndex = 0; path = "Blackboard 3LO.app"; sourceTree = BUILT_PRODUCTS_DIR; };
		35B78C0F1F479925002FED6A /* AppDelegate.swift */ = {isa = PBXFileReference; lastKnownFileType = sourcecode.swift; path = AppDelegate.swift; sourceTree = "<group>"; };
		35B78C111F479925002FED6A /* ViewController.swift */ = {isa = PBXFileReference; lastKnownFileType = sourcecode.swift; path = ViewController.swift; sourceTree = "<group>"; };
		35B78C141F479925002FED6A /* Base */ = {isa = PBXFileReference; lastKnownFileType = file.storyboard; name = Base; path = Base.lproj/Main.storyboard; sourceTree = "<group>"; };
		35B78C161F479925002FED6A /* Assets.xcassets */ = {isa = PBXFileReference; lastKnownFileType = folder.assetcatalog; path = Assets.xcassets; sourceTree = "<group>"; };
		35B78C191F479925002FED6A /* Base */ = {isa = PBXFileReference; lastKnownFileType = file.storyboard; name = Base; path = Base.lproj/LaunchScreen.storyboard; sourceTree = "<group>"; };
		35B78C1B1F479925002FED6A /* Info.plist */ = {isa = PBXFileReference; lastKnownFileType = text.plist.xml; path = Info.plist; sourceTree = "<group>"; };
		35B78C4A1F4B2517002FED6A /* Blackboard3LOManager.swift */ = {isa = PBXFileReference; fileEncoding = 4; lastKnownFileType = sourcecode.swift; path = Blackboard3LOManager.swift; sourceTree = "<group>"; };
		44DA9E43A98C8C96CC57FB98 /* Pods-Blackboard 3LO.debug.xcconfig */ = {isa = PBXFileReference; includeInIndex = 1; lastKnownFileType = text.xcconfig; name = "Pods-Blackboard 3LO.debug.xcconfig"; path = "Pods/Target Support Files/Pods-Blackboard 3LO/Pods-Blackboard 3LO.debug.xcconfig"; sourceTree = "<group>"; };
		59479BBF91D1D2B2879AD2A2 /* Pods_Blackboard_3LO.framework */ = {isa = PBXFileReference; explicitFileType = wrapper.framework; includeInIndex = 0; path = Pods_Blackboard_3LO.framework; sourceTree = BUILT_PRODUCTS_DIR; };
/* End PBXFileReference section */

/* Begin PBXFrameworksBuildPhase section */
		35B78C091F479925002FED6A /* Frameworks */ = {
			isa = PBXFrameworksBuildPhase;
			buildActionMask = 2147483647;
			files = (
				F2FEF8B0D4FD5B8B75F44DE8 /* Pods_Blackboard_3LO.framework in Frameworks */,
			);
			runOnlyForDeploymentPostprocessing = 0;
		};
/* End PBXFrameworksBuildPhase section */

/* Begin PBXGroup section */
		35B78C031F479924002FED6A = {
			isa = PBXGroup;
			children = (
				356134FA1F4CC2D40090DC5B /* README.md */,
				35B78C0E1F479925002FED6A /* Blackboard 3LO */,
				35B78C0D1F479925002FED6A /* Products */,
				96254359B5B84969530C447C /* Pods */,
				4736009FEA4F0ACC29D659E9 /* Frameworks */,
			);
			sourceTree = "<group>";
		};
		35B78C0D1F479925002FED6A /* Products */ = {
			isa = PBXGroup;
			children = (
				35B78C0C1F479925002FED6A /* Blackboard 3LO.app */,
			);
			name = Products;
			sourceTree = "<group>";
		};
		35B78C0E1F479925002FED6A /* Blackboard 3LO */ = {
			isa = PBXGroup;
			children = (
				35B78C4A1F4B2517002FED6A /* Blackboard3LOManager.swift */,
				35B78C0F1F479925002FED6A /* AppDelegate.swift */,
				35B78C111F479925002FED6A /* ViewController.swift */,
				35B78C131F479925002FED6A /* Main.storyboard */,
				35B78C161F479925002FED6A /* Assets.xcassets */,
				35B78C181F479925002FED6A /* LaunchScreen.storyboard */,
				35B78C1B1F479925002FED6A /* Info.plist */,
				355326811F4B8CFB00F5EEE6 /* Token.swift */,
				355326831F4C68B400F5EEE6 /* Membership.swift */,
				355326871F4C8A4300F5EEE6 /* bb-config.plist */,
				355326891F4C905800F5EEE6 /* ResultTableViewController.swift */,
			);
			path = "Blackboard 3LO";
			sourceTree = "<group>";
		};
		4736009FEA4F0ACC29D659E9 /* Frameworks */ = {
			isa = PBXGroup;
			children = (
				59479BBF91D1D2B2879AD2A2 /* Pods_Blackboard_3LO.framework */,
			);
			name = Frameworks;
			sourceTree = "<group>";
		};
		96254359B5B84969530C447C /* Pods */ = {
			isa = PBXGroup;
			children = (
				44DA9E43A98C8C96CC57FB98 /* Pods-Blackboard 3LO.debug.xcconfig */,
				239A7573FE6DABDD6EF981C7 /* Pods-Blackboard 3LO.release.xcconfig */,
			);
			name = Pods;
			sourceTree = "<group>";
		};
/* End PBXGroup section */

/* Begin PBXNativeTarget section */
		35B78C0B1F479925002FED6A /* Blackboard 3LO */ = {
			isa = PBXNativeTarget;
			buildConfigurationList = 35B78C1E1F479925002FED6A /* Build configuration list for PBXNativeTarget "Blackboard 3LO" */;
			buildPhases = (
				AF748A62E60A1BA22F12DA45 /* [CP] Check Pods Manifest.lock */,
				35B78C081F479925002FED6A /* Sources */,
				35B78C091F479925002FED6A /* Frameworks */,
				35B78C0A1F479925002FED6A /* Resources */,
				F667A55BF7C95F5C713D668B /* [CP] Embed Pods Frameworks */,
			);
			buildRules = (
			);
			dependencies = (
			);
			name = "Blackboard 3LO";
			productName = "Blackboard 3LO";
			productReference = 35B78C0C1F479925002FED6A /* Blackboard 3LO.app */;
			productType = "com.apple.product-type.application";
		};
/* End PBXNativeTarget section */

/* Begin PBXProject section */
		35B78C041F479925002FED6A /* Project object */ = {
			isa = PBXProject;
			attributes = {
				LastSwiftUpdateCheck = 0830;
				LastUpgradeCheck = 1010;
				ORGANIZATIONNAME = "Blackboard Developer Community";
				TargetAttributes = {
					35B78C0B1F479925002FED6A = {
						CreatedOnToolsVersion = 8.3.3;
						ProvisioningStyle = Automatic;
					};
				};
			};
			buildConfigurationList = 35B78C071F479925002FED6A /* Build configuration list for PBXProject "Blackboard 3LO" */;
			compatibilityVersion = "Xcode 3.2";
			developmentRegion = English;
			hasScannedForEncodings = 0;
			knownRegions = (
				en,
				Base,
			);
			mainGroup = 35B78C031F479924002FED6A;
			productRefGroup = 35B78C0D1F479925002FED6A /* Products */;
			projectDirPath = "";
			projectRoot = "";
			targets = (
				35B78C0B1F479925002FED6A /* Blackboard 3LO */,
			);
		};
/* End PBXProject section */

/* Begin PBXResourcesBuildPhase section */
		35B78C0A1F479925002FED6A /* Resources */ = {
			isa = PBXResourcesBuildPhase;
			buildActionMask = 2147483647;
			files = (
				355326881F4C8A4400F5EEE6 /* bb-config.plist in Resources */,
				35B78C1A1F479925002FED6A /* LaunchScreen.storyboard in Resources */,
				35B78C171F479925002FED6A /* Assets.xcassets in Resources */,
				35B78C151F479925002FED6A /* Main.storyboard in Resources */,
				356134FB1F4CC2D40090DC5B /* README.md in Resources */,
			);
			runOnlyForDeploymentPostprocessing = 0;
		};
/* End PBXResourcesBuildPhase section */

/* Begin PBXShellScriptBuildPhase section */
		AF748A62E60A1BA22F12DA45 /* [CP] Check Pods Manifest.lock */ = {
			isa = PBXShellScriptBuildPhase;
			buildActionMask = 2147483647;
			files = (
			);
			inputPaths = (
				"${PODS_PODFILE_DIR_PATH}/Podfile.lock",
				"${PODS_ROOT}/Manifest.lock",
			);
			name = "[CP] Check Pods Manifest.lock";
			outputPaths = (
				"$(DERIVED_FILE_DIR)/Pods-Blackboard 3LO-checkManifestLockResult.txt",
			);
			runOnlyForDeploymentPostprocessing = 0;
			shellPath = /bin/sh;
			shellScript = "diff \"${PODS_PODFILE_DIR_PATH}/Podfile.lock\" \"${PODS_ROOT}/Manifest.lock\" > /dev/null\nif [ $? != 0 ] ; then\n    # print error to STDERR\n    echo \"error: The sandbox is not in sync with the Podfile.lock. Run 'pod install' or update your CocoaPods installation.\" >&2\n    exit 1\nfi\n# This output is used by Xcode 'outputs' to avoid re-running this script phase.\necho \"SUCCESS\" > \"${SCRIPT_OUTPUT_FILE_0}\"\n";
			showEnvVarsInLog = 0;
		};
		F667A55BF7C95F5C713D668B /* [CP] Embed Pods Frameworks */ = {
			isa = PBXShellScriptBuildPhase;
			buildActionMask = 2147483647;
			files = (
			);
			inputPaths = (
				"${PODS_ROOT}/Target Support Files/Pods-Blackboard 3LO/Pods-Blackboard 3LO-frameworks.sh",
				"${BUILT_PRODUCTS_DIR}/Alamofire/Alamofire.framework",
				"${BUILT_PRODUCTS_DIR}/SwiftyJSON/SwiftyJSON.framework",
			);
			name = "[CP] Embed Pods Frameworks";
			outputPaths = (
				"${TARGET_BUILD_DIR}/${FRAMEWORKS_FOLDER_PATH}/Alamofire.framework",
				"${TARGET_BUILD_DIR}/${FRAMEWORKS_FOLDER_PATH}/SwiftyJSON.framework",
			);
			runOnlyForDeploymentPostprocessing = 0;
			shellPath = /bin/sh;
			shellScript = "\"${PODS_ROOT}/Target Support Files/Pods-Blackboard 3LO/Pods-Blackboard 3LO-frameworks.sh\"\n";
			showEnvVarsInLog = 0;
		};
/* End PBXShellScriptBuildPhase section */

/* Begin PBXSourcesBuildPhase section */
		35B78C081F479925002FED6A /* Sources */ = {
			isa = PBXSourcesBuildPhase;
			buildActionMask = 2147483647;
			files = (
				355326821F4B8CFB00F5EEE6 /* Token.swift in Sources */,
				35B78C121F479925002FED6A /* ViewController.swift in Sources */,
				3553268A1F4C905800F5EEE6 /* ResultTableViewController.swift in Sources */,
				35B78C4B1F4B2517002FED6A /* Blackboard3LOManager.swift in Sources */,
				35B78C101F479925002FED6A /* AppDelegate.swift in Sources */,
				355326841F4C68B400F5EEE6 /* Membership.swift in Sources */,
			);
			runOnlyForDeploymentPostprocessing = 0;
		};
/* End PBXSourcesBuildPhase section */

/* Begin PBXVariantGroup section */
		35B78C131F479925002FED6A /* Main.storyboard */ = {
			isa = PBXVariantGroup;
			children = (
				35B78C141F479925002FED6A /* Base */,
			);
			name = Main.storyboard;
			sourceTree = "<group>";
		};
		35B78C181F479925002FED6A /* LaunchScreen.storyboard */ = {
			isa = PBXVariantGroup;
			children = (
				35B78C191F479925002FED6A /* Base */,
			);
			name = LaunchScreen.storyboard;
			sourceTree = "<group>";
		};
/* End PBXVariantGroup section */

/* Begin XCBuildConfiguration section */
		35B78C1C1F479925002FED6A /* Debug */ = {
			isa = XCBuildConfiguration;
			buildSettings = {
				ALWAYS_SEARCH_USER_PATHS = NO;
				CLANG_ANALYZER_NONNULL = YES;
				CLANG_ANALYZER_NUMBER_OBJECT_CONVERSION = YES_AGGRESSIVE;
				CLANG_CXX_LANGUAGE_STANDARD = "gnu++0x";
				CLANG_CXX_LIBRARY = "libc++";
				CLANG_ENABLE_MODULES = YES;
				CLANG_ENABLE_OBJC_ARC = YES;
				CLANG_WARN_BLOCK_CAPTURE_AUTORELEASING = YES;
				CLANG_WARN_BOOL_CONVERSION = YES;
				CLANG_WARN_COMMA = YES;
				CLANG_WARN_CONSTANT_CONVERSION = YES;
				CLANG_WARN_DEPRECATED_OBJC_IMPLEMENTATIONS = YES;
				CLANG_WARN_DIRECT_OBJC_ISA_USAGE = YES_ERROR;
				CLANG_WARN_DOCUMENTATION_COMMENTS = YES;
				CLANG_WARN_EMPTY_BODY = YES;
				CLANG_WARN_ENUM_CONVERSION = YES;
				CLANG_WARN_INFINITE_RECURSION = YES;
				CLANG_WARN_INT_CONVERSION = YES;
				CLANG_WARN_NON_LITERAL_NULL_CONVERSION = YES;
				CLANG_WARN_OBJC_IMPLICIT_RETAIN_SELF = YES;
				CLANG_WARN_OBJC_LITERAL_CONVERSION = YES;
				CLANG_WARN_OBJC_ROOT_CLASS = YES_ERROR;
				CLANG_WARN_RANGE_LOOP_ANALYSIS = YES;
				CLANG_WARN_STRICT_PROTOTYPES = YES;
				CLANG_WARN_SUSPICIOUS_MOVE = YES;
				CLANG_WARN_UNREACHABLE_CODE = YES;
				CLANG_WARN__DUPLICATE_METHOD_MATCH = YES;
				"CODE_SIGN_IDENTITY[sdk=iphoneos*]" = "iPhone Developer";
				COPY_PHASE_STRIP = NO;
				DEBUG_INFORMATION_FORMAT = dwarf;
				ENABLE_STRICT_OBJC_MSGSEND = YES;
				ENABLE_TESTABILITY = YES;
				GCC_C_LANGUAGE_STANDARD = gnu99;
				GCC_DYNAMIC_NO_PIC = NO;
				GCC_NO_COMMON_BLOCKS = YES;
				GCC_OPTIMIZATION_LEVEL = 0;
				GCC_PREPROCESSOR_DEFINITIONS = (
					"DEBUG=1",
					"$(inherited)",
				);
				GCC_WARN_64_TO_32_BIT_CONVERSION = YES;
				GCC_WARN_ABOUT_RETURN_TYPE = YES_ERROR;
				GCC_WARN_UNDECLARED_SELECTOR = YES;
				GCC_WARN_UNINITIALIZED_AUTOS = YES_AGGRESSIVE;
				GCC_WARN_UNUSED_FUNCTION = YES;
				GCC_WARN_UNUSED_VARIABLE = YES;
				IPHONEOS_DEPLOYMENT_TARGET = 12.1;
				MTL_ENABLE_DEBUG_INFO = YES;
				ONLY_ACTIVE_ARCH = YES;
				SDKROOT = iphoneos;
				SWIFT_ACTIVE_COMPILATION_CONDITIONS = DEBUG;
				SWIFT_OPTIMIZATION_LEVEL = "-Onone";
				SWIFT_VERSION = 4.2;
			};
			name = Debug;
		};
		35B78C1D1F479925002FED6A /* Release */ = {
			isa = XCBuildConfiguration;
			buildSettings = {
				ALWAYS_SEARCH_USER_PATHS = NO;
				CLANG_ANALYZER_NONNULL = YES;
				CLANG_ANALYZER_NUMBER_OBJECT_CONVERSION = YES_AGGRESSIVE;
				CLANG_CXX_LANGUAGE_STANDARD = "gnu++0x";
				CLANG_CXX_LIBRARY = "libc++";
				CLANG_ENABLE_MODULES = YES;
				CLANG_ENABLE_OBJC_ARC = YES;
				CLANG_WARN_BLOCK_CAPTURE_AUTORELEASING = YES;
				CLANG_WARN_BOOL_CONVERSION = YES;
				CLANG_WARN_COMMA = YES;
				CLANG_WARN_CONSTANT_CONVERSION = YES;
				CLANG_WARN_DEPRECATED_OBJC_IMPLEMENTATIONS = YES;
				CLANG_WARN_DIRECT_OBJC_ISA_USAGE = YES_ERROR;
				CLANG_WARN_DOCUMENTATION_COMMENTS = YES;
				CLANG_WARN_EMPTY_BODY = YES;
				CLANG_WARN_ENUM_CONVERSION = YES;
				CLANG_WARN_INFINITE_RECURSION = YES;
				CLANG_WARN_INT_CONVERSION = YES;
				CLANG_WARN_NON_LITERAL_NULL_CONVERSION = YES;
				CLANG_WARN_OBJC_IMPLICIT_RETAIN_SELF = YES;
				CLANG_WARN_OBJC_LITERAL_CONVERSION = YES;
				CLANG_WARN_OBJC_ROOT_CLASS = YES_ERROR;
				CLANG_WARN_RANGE_LOOP_ANALYSIS = YES;
				CLANG_WARN_STRICT_PROTOTYPES = YES;
				CLANG_WARN_SUSPICIOUS_MOVE = YES;
				CLANG_WARN_UNREACHABLE_CODE = YES;
				CLANG_WARN__DUPLICATE_METHOD_MATCH = YES;
				"CODE_SIGN_IDENTITY[sdk=iphoneos*]" = "iPhone Developer";
				COPY_PHASE_STRIP = NO;
				DEBUG_INFORMATION_FORMAT = "dwarf-with-dsym";
				ENABLE_NS_ASSERTIONS = NO;
				ENABLE_STRICT_OBJC_MSGSEND = YES;
				GCC_C_LANGUAGE_STANDARD = gnu99;
				GCC_NO_COMMON_BLOCKS = YES;
				GCC_WARN_64_TO_32_BIT_CONVERSION = YES;
				GCC_WARN_ABOUT_RETURN_TYPE = YES_ERROR;
				GCC_WARN_UNDECLARED_SELECTOR = YES;
				GCC_WARN_UNINITIALIZED_AUTOS = YES_AGGRESSIVE;
				GCC_WARN_UNUSED_FUNCTION = YES;
				GCC_WARN_UNUSED_VARIABLE = YES;
				IPHONEOS_DEPLOYMENT_TARGET = 12.1;
				MTL_ENABLE_DEBUG_INFO = NO;
				SDKROOT = iphoneos;
				SWIFT_OPTIMIZATION_LEVEL = "-Owholemodule";
				SWIFT_VERSION = 4.2;
				VALIDATE_PRODUCT = YES;
			};
			name = Release;
		};
		35B78C1F1F479925002FED6A /* Debug */ = {
			isa = XCBuildConfiguration;
			baseConfigurationReference = 44DA9E43A98C8C96CC57FB98 /* Pods-Blackboard 3LO.debug.xcconfig */;
			buildSettings = {
				ALWAYS_EMBED_SWIFT_STANDARD_LIBRARIES = YES;
				ASSETCATALOG_COMPILER_APPICON_NAME = AppIcon;
				INFOPLIST_FILE = "Blackboard 3LO/Info.plist";
				IPHONEOS_DEPLOYMENT_TARGET = 12.1;
				LD_RUNPATH_SEARCH_PATHS = "$(inherited) @executable_path/Frameworks";
				PRODUCT_BUNDLE_IDENTIFIER = "bbdn.Blackboard-3LO";
				PRODUCT_NAME = "$(TARGET_NAME)";
				SWIFT_VERSION = 3.0;
			};
			name = Debug;
		};
		35B78C201F479925002FED6A /* Release */ = {
			isa = XCBuildConfiguration;
			baseConfigurationReference = 239A7573FE6DABDD6EF981C7 /* Pods-Blackboard 3LO.release.xcconfig */;
			buildSettings = {
				ALWAYS_EMBED_SWIFT_STANDARD_LIBRARIES = YES;
				ASSETCATALOG_COMPILER_APPICON_NAME = AppIcon;
				INFOPLIST_FILE = "Blackboard 3LO/Info.plist";
				IPHONEOS_DEPLOYMENT_TARGET = 12.1;
				LD_RUNPATH_SEARCH_PATHS = "$(inherited) @executable_path/Frameworks";
				PRODUCT_BUNDLE_IDENTIFIER = "bbdn.Blackboard-3LO";
				PRODUCT_NAME = "$(TARGET_NAME)";
				SWIFT_VERSION = 3.0;
			};
			name = Release;
		};
/* End XCBuildConfiguration section */

/* Begin XCConfigurationList section */
		35B78C071F479925002FED6A /* Build configuration list for PBXProject "Blackboard 3LO" */ = {
			isa = XCConfigurationList;
			buildConfigurations = (
				35B78C1C1F479925002FED6A /* Debug */,
				35B78C1D1F479925002FED6A /* Release */,
			);
			defaultConfigurationIsVisible = 0;
			defaultConfigurationName = Release;
		};
		35B78C1E1F479925002FED6A /* Build configuration list for PBXNativeTarget "Blackboard 3LO" */ = {
			isa = XCConfigurationList;
			buildConfigurations = (
				35B78C1F1F479925002FED6A /* Debug */,
				35B78C201F479925002FED6A /* Release */,
			);
			defaultConfigurationIsVisible = 0;
			defaultConfigurationName = Release;
		};
/* End XCConfigurationList section */
	};
	rootObject = 35B78C041F479925002FED6A /* Project object */;
}
